
Microsoft Visual Studio Solution File, Format Version 12.00
# Visual Studio Version 16
VisualStudioVersion = 16.0.29403.142
MinimumVisualStudioVersion = 10.0.40219.1
Project("{8BC9CEB8-8B4A-11D0-8D11-00A0C91BC942}") = "Practicum", "Practicum\Practicum.vcxproj", "{6C401E0E-7C12-46C5-8044-FD124DBF5F57}"
EndProject
Global
	GlobalSection(SolutionConfigurationPlatforms) = preSolution
		Debug|x64 = Debug|x64
		Debug|x86 = Debug|x86
		Release|x64 = Release|x64
		Release|x86 = Release|x86
	EndGlobalSection
	GlobalSection(ProjectConfigurationPlatforms) = postSolution
		{6C401E0E-7C12-46C5-8044-FD124DBF5F57}.Debug|x64.ActiveCfg = Debug|x64
		{6C401E0E-7C12-46C5-8044-FD124DBF5F57}.Debug|x64.Build.0 = Debug|x64
		{6C401E0E-7C12-46C5-8044-FD124DBF5F57}.Debug|x86.ActiveCfg = Debug|Win32
		{6C401E0E-7C12-46C5-8044-FD124DBF5F57}.Debug|x86.Build.0 = Debug|Win32
		{6C401E0E-7C12-46C5-8044-FD124DBF5F57}.Release|x64.ActiveCfg = Release|x64
		{6C401E0E-7C12-46C5-8044-FD124DBF5F57}.Release|x64.Build.0 = Release|x64
		{6C401E0E-7C12-46C5-8044-FD124DBF5F57}.Release|x86.ActiveCfg = Release|Win32
		{6C401E0E-7C12-46C5-8044-FD124DBF5F57}.Release|x86.Build.0 = Release|Win32
	EndGlobalSection
	GlobalSection(SolutionProperties) = preSolution
		HideSolutionNode = FALSE
	EndGlobalSection
	GlobalSection(ExtensibilityGlobals) = postSolution
		SolutionGuid = {7D531D07-F6E4-49A6-AB67-C8815E86B5FC}
	EndGlobalSection
EndGlobal
